// !$*UTF8*$!
{
	archiveVersion = 1;
	classes = {
	};
	objectVersion = 48;
	objects = {

/* Begin PBXBuildFile section */
		87BFC825204409CF00A8D167 /* AppDelegate.swift in Sources */ = {isa = PBXBuildFile; fileRef = 87BFC824204409CF00A8D167 /* AppDelegate.swift */; };
		87BFC827204409D000A8D167 /* Assets.xcassets in Resources */ = {isa = PBXBuildFile; fileRef = 87BFC826204409D000A8D167 /* Assets.xcassets */; };
		87BFC82A204409D000A8D167 /* MainMenu.xib in Resources */ = {isa = PBXBuildFile; fileRef = 87BFC828204409D000A8D167 /* MainMenu.xib */; };
		87BFC83320440FDD00A8D167 /* StatusMenuController.swift in Sources */ = {isa = PBXBuildFile; fileRef = 87BFC83220440FDD00A8D167 /* StatusMenuController.swift */; };
		87BFC83920441FD200A8D167 /* ImageMenuItemView.swift in Sources */ = {isa = PBXBuildFile; fileRef = 87BFC83820441FD200A8D167 /* ImageMenuItemView.swift */; };
		87BFC84C2044DF6700A8D167 /* PreferencesWindow.swift in Sources */ = {isa = PBXBuildFile; fileRef = 87BFC84B2044DF6700A8D167 /* PreferencesWindow.swift */; };
		87BFC84E2044E3BA00A8D167 /* PreferencesWindow.xib in Resources */ = {isa = PBXBuildFile; fileRef = 87BFC84D2044E3BA00A8D167 /* PreferencesWindow.xib */; };
/* End PBXBuildFile section */

/* Begin PBXFileReference section */
		87BFC821204409CF00A8D167 /* LoadIndicator.app */ = {isa = PBXFileReference; explicitFileType = wrapper.application; includeInIndex = 0; path = LoadIndicator.app; sourceTree = BUILT_PRODUCTS_DIR; };
		87BFC824204409CF00A8D167 /* AppDelegate.swift */ = {isa = PBXFileReference; lastKnownFileType = sourcecode.swift; path = AppDelegate.swift; sourceTree = "<group>"; };
		87BFC826204409D000A8D167 /* Assets.xcassets */ = {isa = PBXFileReference; lastKnownFileType = folder.assetcatalog; path = Assets.xcassets; sourceTree = "<group>"; };
		87BFC829204409D000A8D167 /* Base */ = {isa = PBXFileReference; lastKnownFileType = file.xib; name = Base; path = Base.lproj/MainMenu.xib; sourceTree = "<group>"; };
		87BFC82B204409D000A8D167 /* Info.plist */ = {isa = PBXFileReference; lastKnownFileType = text.plist.xml; path = Info.plist; sourceTree = "<group>"; };
		87BFC82C204409D000A8D167 /* LoadIndicator.entitlements */ = {isa = PBXFileReference; lastKnownFileType = text.plist.entitlements; path = LoadIndicator.entitlements; sourceTree = "<group>"; };
		87BFC83220440FDD00A8D167 /* StatusMenuController.swift */ = {isa = PBXFileReference; lastKnownFileType = sourcecode.swift; path = StatusMenuController.swift; sourceTree = "<group>"; };
		87BFC83820441FD200A8D167 /* ImageMenuItemView.swift */ = {isa = PBXFileReference; lastKnownFileType = sourcecode.swift; path = ImageMenuItemView.swift; sourceTree = "<group>"; };
		87BFC83B2044554C00A8D167 /* README.md */ = {isa = PBXFileReference; lastKnownFileType = net.daringfireball.markdown; path = README.md; sourceTree = "<group>"; };
		87BFC84B2044DF6700A8D167 /* PreferencesWindow.swift */ = {isa = PBXFileReference; lastKnownFileType = sourcecode.swift; path = PreferencesWindow.swift; sourceTree = "<group>"; };
		87BFC84D2044E3BA00A8D167 /* PreferencesWindow.xib */ = {isa = PBXFileReference; fileEncoding = 4; lastKnownFileType = file.xib; path = PreferencesWindow.xib; sourceTree = "<group>"; };
/* End PBXFileReference section */

/* Begin PBXFrameworksBuildPhase section */
		87BFC81E204409CF00A8D167 /* Frameworks */ = {
			isa = PBXFrameworksBuildPhase;
			buildActionMask = 2147483647;
			files = (
			);
			runOnlyForDeploymentPostprocessing = 0;
		};
/* End PBXFrameworksBuildPhase section */

/* Begin PBXGroup section */
		87BFC818204409CF00A8D167 = {
			isa = PBXGroup;
			children = (
				87BFC83B2044554C00A8D167 /* README.md */,
				87BFC823204409CF00A8D167 /* LoadIndicator */,
				87BFC822204409CF00A8D167 /* Products */,
			);
			sourceTree = "<group>";
		};
		87BFC822204409CF00A8D167 /* Products */ = {
			isa = PBXGroup;
			children = (
				87BFC821204409CF00A8D167 /* LoadIndicator.app */,
			);
			name = Products;
			sourceTree = "<group>";
		};
		87BFC823204409CF00A8D167 /* LoadIndicator */ = {
			isa = PBXGroup;
			children = (
				87BFC83820441FD200A8D167 /* ImageMenuItemView.swift */,
				87BFC824204409CF00A8D167 /* AppDelegate.swift */,
				87BFC826204409D000A8D167 /* Assets.xcassets */,
				87BFC828204409D000A8D167 /* MainMenu.xib */,
				87BFC82B204409D000A8D167 /* Info.plist */,
				87BFC82C204409D000A8D167 /* LoadIndicator.entitlements */,
				87BFC83220440FDD00A8D167 /* StatusMenuController.swift */,
				87BFC84D2044E3BA00A8D167 /* PreferencesWindow.xib */,
				87BFC84B2044DF6700A8D167 /* PreferencesWindow.swift */,
			);
			path = LoadIndicator;
			sourceTree = "<group>";
		};
/* End PBXGroup section */

/* Begin PBXNativeTarget section */
		87BFC820204409CF00A8D167 /* LoadIndicator */ = {
			isa = PBXNativeTarget;
			buildConfigurationList = 87BFC82F204409D000A8D167 /* Build configuration list for PBXNativeTarget "LoadIndicator" */;
			buildPhases = (
				87BFC81D204409CF00A8D167 /* Sources */,
				87BFC81E204409CF00A8D167 /* Frameworks */,
				87BFC81F204409CF00A8D167 /* Resources */,
			);
			buildRules = (
			);
			dependencies = (
			);
			name = LoadIndicator;
			productName = LoadIndicator;
			productReference = 87BFC821204409CF00A8D167 /* LoadIndicator.app */;
			productType = "com.apple.product-type.application";
		};
/* End PBXNativeTarget section */

/* Begin PBXProject section */
		87BFC819204409CF00A8D167 /* Project object */ = {
			isa = PBXProject;
			attributes = {
				LastSwiftUpdateCheck = 0920;
				LastUpgradeCheck = 0920;
				ORGANIZATIONNAME = "Paal Gyula";
				TargetAttributes = {
					87BFC820204409CF00A8D167 = {
						CreatedOnToolsVersion = 9.2;
						ProvisioningStyle = Automatic;
					};
				};
			};
			buildConfigurationList = 87BFC81C204409CF00A8D167 /* Build configuration list for PBXProject "LoadIndicator" */;
			compatibilityVersion = "Xcode 8.0";
			developmentRegion = en;
			hasScannedForEncodings = 0;
			knownRegions = (
				en,
				Base,
			);
			mainGroup = 87BFC818204409CF00A8D167;
			productRefGroup = 87BFC822204409CF00A8D167 /* Products */;
			projectDirPath = "";
			projectRoot = "";
			targets = (
				87BFC820204409CF00A8D167 /* LoadIndicator */,
			);
		};
/* End PBXProject section */

/* Begin PBXResourcesBuildPhase section */
		87BFC81F204409CF00A8D167 /* Resources */ = {
			isa = PBXResourcesBuildPhase;
			buildActionMask = 2147483647;
			files = (
				87BFC827204409D000A8D167 /* Assets.xcassets in Resources */,
				87BFC84E2044E3BA00A8D167 /* PreferencesWindow.xib in Resources */,
				87BFC82A204409D000A8D167 /* MainMenu.xib in Resources */,
			);
			runOnlyForDeploymentPostprocessing = 0;
		};
/* End PBXResourcesBuildPhase section */

/* Begin PBXSourcesBuildPhase section */
		87BFC81D204409CF00A8D167 /* Sources */ = {
			isa = PBXSourcesBuildPhase;
			buildActionMask = 2147483647;
			files = (
				87BFC84C2044DF6700A8D167 /* PreferencesWindow.swift in Sources */,
				87BFC83920441FD200A8D167 /* ImageMenuItemView.swift in Sources */,
				87BFC83320440FDD00A8D167 /* StatusMenuController.swift in Sources */,
				87BFC825204409CF00A8D167 /* AppDelegate.swift in Sources */,
			);
			runOnlyForDeploymentPostprocessing = 0;
		};
/* End PBXSourcesBuildPhase section */

/* Begin PBXVariantGroup section */
		87BFC828204409D000A8D167 /* MainMenu.xib */ = {
			isa = PBXVariantGroup;
			children = (
				87BFC829204409D000A8D167 /* Base */,
			);
			name = MainMenu.xib;
			sourceTree = "<group>";
		};
/* End PBXVariantGroup section */

/* Begin XCBuildConfiguration section */
		87BFC82D204409D000A8D167 /* Debug */ = {
			isa = XCBuildConfiguration;
			buildSettings = {
				ALWAYS_SEARCH_USER_PATHS = NO;
				CLANG_ANALYZER_NONNULL = YES;
				CLANG_ANALYZER_NUMBER_OBJECT_CONVERSION = YES_AGGRESSIVE;
				CLANG_CXX_LANGUAGE_STANDARD = "gnu++14";
				CLANG_CXX_LIBRARY = "libc++";
				CLANG_ENABLE_MODULES = YES;
				CLANG_ENABLE_OBJC_ARC = YES;
				CLANG_WARN_BLOCK_CAPTURE_AUTORELEASING = YES;
				CLANG_WARN_BOOL_CONVERSION = YES;
				CLANG_WARN_COMMA = YES;
				CLANG_WARN_CONSTANT_CONVERSION = YES;
				CLANG_WARN_DIRECT_OBJC_ISA_USAGE = YES_ERROR;
				CLANG_WARN_DOCUMENTATION_COMMENTS = YES;
				CLANG_WARN_EMPTY_BODY = YES;
				CLANG_WARN_ENUM_CONVERSION = YES;
				CLANG_WARN_INFINITE_RECURSION = YES;
				CLANG_WARN_INT_CONVERSION = YES;
				CLANG_WARN_NON_LITERAL_NULL_CONVERSION = YES;
				CLANG_WARN_OBJC_LITERAL_CONVERSION = YES;
				CLANG_WARN_OBJC_ROOT_CLASS = YES_ERROR;
				CLANG_WARN_RANGE_LOOP_ANALYSIS = YES;
				CLANG_WARN_STRICT_PROTOTYPES = YES;
				CLANG_WARN_SUSPICIOUS_MOVE = YES;
				CLANG_WARN_UNGUARDED_AVAILABILITY = YES_AGGRESSIVE;
				CLANG_WARN_UNREACHABLE_CODE = YES;
				CLANG_WARN__DUPLICATE_METHOD_MATCH = YES;
				CODE_SIGN_IDENTITY = "Mac Developer";
				COPY_PHASE_STRIP = NO;
				DEBUG_INFORMATION_FORMAT = dwarf;
				ENABLE_STRICT_OBJC_MSGSEND = YES;
				ENABLE_TESTABILITY = YES;
				GCC_C_LANGUAGE_STANDARD = gnu11;
				GCC_DYNAMIC_NO_PIC = NO;
				GCC_NO_COMMON_BLOCKS = YES;
				GCC_OPTIMIZATION_LEVEL = 0;
				GCC_PREPROCESSOR_DEFINITIONS = (
					"DEBUG=1",
					"$(inherited)",
				);
				GCC_WARN_64_TO_32_BIT_CONVERSION = YES;
				GCC_WARN_ABOUT_RETURN_TYPE = YES_ERROR;
				GCC_WARN_UNDECLARED_SELECTOR = YES;
				GCC_WARN_UNINITIALIZED_AUTOS = YES_AGGRESSIVE;
				GCC_WARN_UNUSED_FUNCTION = YES;
				GCC_WARN_UNUSED_VARIABLE = YES;
				MACOSX_DEPLOYMENT_TARGET = 10.12;
				MTL_ENABLE_DEBUG_INFO = YES;
				ONLY_ACTIVE_ARCH = YES;
				SDKROOT = macosx;
				SWIFT_ACTIVE_COMPILATION_CONDITIONS = DEBUG;
				SWIFT_OPTIMIZATION_LEVEL = "-Onone";
			};
			name = Debug;
		};
		87BFC82E204409D000A8D167 /* Release */ = {
			isa = XCBuildConfiguration;
			buildSettings = {
				ALWAYS_SEARCH_USER_PATHS = NO;
				CLANG_ANALYZER_NONNULL = YES;
				CLANG_ANALYZER_NUMBER_OBJECT_CONVERSION = YES_AGGRESSIVE;
				CLANG_CXX_LANGUAGE_STANDARD = "gnu++14";
				CLANG_CXX_LIBRARY = "libc++";
				CLANG_ENABLE_MODULES = YES;
				CLANG_ENABLE_OBJC_ARC = YES;
				CLANG_WARN_BLOCK_CAPTURE_AUTORELEASING = YES;
				CLANG_WARN_BOOL_CONVERSION = YES;
				CLANG_WARN_COMMA = YES;
				CLANG_WARN_CONSTANT_CONVERSION = YES;
				CLANG_WARN_DIRECT_OBJC_ISA_USAGE = YES_ERROR;
				CLANG_WARN_DOCUMENTATION_COMMENTS = YES;
				CLANG_WARN_EMPTY_BODY = YES;
				CLANG_WARN_ENUM_CONVERSION = YES;
				CLANG_WARN_INFINITE_RECURSION = YES;
				CLANG_WARN_INT_CONVERSION = YES;
				CLANG_WARN_NON_LITERAL_NULL_CONVERSION = YES;
				CLANG_WARN_OBJC_LITERAL_CONVERSION = YES;
				CLANG_WARN_OBJC_ROOT_CLASS = YES_ERROR;
				CLANG_WARN_RANGE_LOOP_ANALYSIS = YES;
				CLANG_WARN_STRICT_PROTOTYPES = YES;
				CLANG_WARN_SUSPICIOUS_MOVE = YES;
				CLANG_WARN_UNGUARDED_AVAILABILITY = YES_AGGRESSIVE;
				CLANG_WARN_UNREACHABLE_CODE = YES;
				CLANG_WARN__DUPLICATE_METHOD_MATCH = YES;
				CODE_SIGN_IDENTITY = "Mac Developer";
				COPY_PHASE_STRIP = NO;
				DEBUG_INFORMATION_FORMAT = "dwarf-with-dsym";
				ENABLE_NS_ASSERTIONS = NO;
				ENABLE_STRICT_OBJC_MSGSEND = YES;
				GCC_C_LANGUAGE_STANDARD = gnu11;
				GCC_NO_COMMON_BLOCKS = YES;
				GCC_WARN_64_TO_32_BIT_CONVERSION = YES;
				GCC_WARN_ABOUT_RETURN_TYPE = YES_ERROR;
				GCC_WARN_UNDECLARED_SELECTOR = YES;
				GCC_WARN_UNINITIALIZED_AUTOS = YES_AGGRESSIVE;
				GCC_WARN_UNUSED_FUNCTION = YES;
				GCC_WARN_UNUSED_VARIABLE = YES;
				MACOSX_DEPLOYMENT_TARGET = 10.12;
				MTL_ENABLE_DEBUG_INFO = NO;
				SDKROOT = macosx;
				SWIFT_OPTIMIZATION_LEVEL = "-Owholemodule";
			};
			name = Release;
		};
		87BFC830204409D000A8D167 /* Debug */ = {
			isa = XCBuildConfiguration;
			buildSettings = {
				ASSETCATALOG_COMPILER_APPICON_NAME = AppIcon;
				CODE_SIGN_ENTITLEMENTS = LoadIndicator/LoadIndicator.entitlements;
				CODE_SIGN_IDENTITY = "Mac Developer";
				CODE_SIGN_STYLE = Automatic;
				COMBINE_HIDPI_IMAGES = YES;
				DEVELOPMENT_TEAM = 2D8GW4CGR4;
				INFOPLIST_FILE = LoadIndicator/Info.plist;
				LD_RUNPATH_SEARCH_PATHS = "$(inherited) @executable_path/../Frameworks";
				PRODUCT_BUNDLE_IDENTIFIER = com.paalgyula.macos.LoadIndicator;
				PRODUCT_NAME = "$(TARGET_NAME)";
				PROVISIONING_PROFILE_SPECIFIER = "";
				SWIFT_VERSION = 4.0;
			};
			name = Debug;
		};
		87BFC831204409D000A8D167 /* Release */ = {
			isa = XCBuildConfiguration;
			buildSettings = {
				ASSETCATALOG_COMPILER_APPICON_NAME = AppIcon;
				CODE_SIGN_ENTITLEMENTS = LoadIndicator/LoadIndicator.entitlements;
				CODE_SIGN_IDENTITY = "Mac Developer";
				CODE_SIGN_STYLE = Automatic;
				COMBINE_HIDPI_IMAGES = YES;
				DEVELOPMENT_TEAM = 2D8GW4CGR4;
				INFOPLIST_FILE = LoadIndicator/Info.plist;
				LD_RUNPATH_SEARCH_PATHS = "$(inherited) @executable_path/../Frameworks";
				PRODUCT_BUNDLE_IDENTIFIER = com.paalgyula.macos.LoadIndicator;
				PRODUCT_NAME = "$(TARGET_NAME)";
				PROVISIONING_PROFILE_SPECIFIER = "";
				SWIFT_VERSION = 4.0;
			};
			name = Release;
		};
/* End XCBuildConfiguration section */

/* Begin XCConfigurationList section */
		87BFC81C204409CF00A8D167 /* Build configuration list for PBXProject "LoadIndicator" */ = {
			isa = XCConfigurationList;
			buildConfigurations = (
				87BFC82D204409D000A8D167 /* Debug */,
				87BFC82E204409D000A8D167 /* Release */,
			);
			defaultConfigurationIsVisible = 0;
			defaultConfigurationName = Release;
		};
		87BFC82F204409D000A8D167 /* Build configuration list for PBXNativeTarget "LoadIndicator" */ = {
			isa = XCConfigurationList;
			buildConfigurations = (
				87BFC830204409D000A8D167 /* Debug */,
				87BFC831204409D000A8D167 /* Release */,
			);
			defaultConfigurationIsVisible = 0;
			defaultConfigurationName = Release;
		};
/* End XCConfigurationList section */
	};
	rootObject = 87BFC819204409CF00A8D167 /* Project object */;
}
